
Microsoft Visual Studio Solution File, Format Version 12.00
# Visual Studio Version 17
VisualStudioVersion = 17.0.31903.59
MinimumVisualStudioVersion = 10.0.40219.1
Project("{2150E333-8FDC-42A3-9474-1A3956D46DE8}") = "src", "src", "{7773B49B-68C6-4546-9FCE-876FD38B1A13}"
EndProject
Project("{FAE04EC0-301F-11D3-BF4B-00C04F79EFBC}") = "MemberPropertyAlert.Core", "src\MemberPropertyAlert.Core\MemberPropertyAlert.Core.csproj", "{7FD8E6EE-CC71-496A-A714-A7A8AC5D5D6F}"
EndProject
Project("{FAE04EC0-301F-11D3-BF4B-00C04F79EFBC}") = "MemberPropertyAlert.Functions", "src\MemberPropertyAlert.Functions\MemberPropertyAlert.Functions.csproj", "{72C8377B-9362-4332-AB99-5D8F6865A473}"
EndProject
Project("{FAE04EC0-301F-11D3-BF4B-00C04F79EFBC}") = "MemberPropertyAlert.MockWebhookClient", "src\MemberPropertyAlert.MockWebhookClient\MemberPropertyAlert.MockWebhookClient.csproj", "{0722C5FB-4DB4-4A56-9FBE-9C3A28EF6D5C}"
EndProject
Project("{2150E333-8FDC-42A3-9474-1A3956D46DE8}") = "tests", "tests", "{9D200AE5-26AB-4293-9AF8-A850BA10302C}"
EndProject
Project("{FAE04EC0-301F-11D3-BF4B-00C04F79EFBC}") = "MemberPropertyAlert.Core.Tests", "tests\MemberPropertyAlert.Core.Tests\MemberPropertyAlert.Core.Tests.csproj", "{CED14C11-6C70-45AC-B1F0-D86C8B169DCB}"
EndProject
Project("{FAE04EC0-301F-11D3-BF4B-00C04F79EFBC}") = "MemberPropertyAlert.Functions.Tests", "tests\MemberPropertyAlert.Functions.Tests\MemberPropertyAlert.Functions.Tests.csproj", "{6311BA2E-6072-4FC5-996B-72FB1EBF5C09}"
EndProject
Project("{FAE04EC0-301F-11D3-BF4B-00C04F79EFBC}") = "MemberPropertyAlert.EndToEnd.Tests", "tests\MemberPropertyAlert.EndToEnd.Tests\MemberPropertyAlert.EndToEnd.Tests.csproj", "{3532C3A1-5866-4FBF-9D2B-D866447F29C2}"
EndProject
Global
	GlobalSection(SolutionConfigurationPlatforms) = preSolution
		Debug|Any CPU = Debug|Any CPU
		Release|Any CPU = Release|Any CPU
	EndGlobalSection
	GlobalSection(SolutionProperties) = preSolution
		HideSolutionNode = FALSE
	EndGlobalSection
	GlobalSection(ProjectConfigurationPlatforms) = postSolution
		{7FD8E6EE-CC71-496A-A714-A7A8AC5D5D6F}.Debug|Any CPU.ActiveCfg = Debug|Any CPU
		{7FD8E6EE-CC71-496A-A714-A7A8AC5D5D6F}.Debug|Any CPU.Build.0 = Debug|Any CPU
		{7FD8E6EE-CC71-496A-A714-A7A8AC5D5D6F}.Release|Any CPU.ActiveCfg = Release|Any CPU
		{7FD8E6EE-CC71-496A-A714-A7A8AC5D5D6F}.Release|Any CPU.Build.0 = Release|Any CPU
		{72C8377B-9362-4332-AB99-5D8F6865A473}.Debug|Any CPU.ActiveCfg = Debug|Any CPU
		{72C8377B-9362-4332-AB99-5D8F6865A473}.Debug|Any CPU.Build.0 = Debug|Any CPU
		{72C8377B-9362-4332-AB99-5D8F6865A473}.Release|Any CPU.ActiveCfg = Release|Any CPU
		{72C8377B-9362-4332-AB99-5D8F6865A473}.Release|Any CPU.Build.0 = Release|Any CPU
		{0722C5FB-4DB4-4A56-9FBE-9C3A28EF6D5C}.Debug|Any CPU.ActiveCfg = Debug|Any CPU
		{0722C5FB-4DB4-4A56-9FBE-9C3A28EF6D5C}.Debug|Any CPU.Build.0 = Debug|Any CPU
		{0722C5FB-4DB4-4A56-9FBE-9C3A28EF6D5C}.Release|Any CPU.ActiveCfg = Release|Any CPU
		{0722C5FB-4DB4-4A56-9FBE-9C3A28EF6D5C}.Release|Any CPU.Build.0 = Release|Any CPU
		{CED14C11-6C70-45AC-B1F0-D86C8B169DCB}.Debug|Any CPU.ActiveCfg = Debug|Any CPU
		{CED14C11-6C70-45AC-B1F0-D86C8B169DCB}.Debug|Any CPU.Build.0 = Debug|Any CPU
		{CED14C11-6C70-45AC-B1F0-D86C8B169DCB}.Release|Any CPU.ActiveCfg = Release|Any CPU
		{CED14C11-6C70-45AC-B1F0-D86C8B169DCB}.Release|Any CPU.Build.0 = Release|Any CPU
		{6311BA2E-6072-4FC5-996B-72FB1EBF5C09}.Debug|Any CPU.ActiveCfg = Debug|Any CPU
		{6311BA2E-6072-4FC5-996B-72FB1EBF5C09}.Debug|Any CPU.Build.0 = Debug|Any CPU
		{6311BA2E-6072-4FC5-996B-72FB1EBF5C09}.Release|Any CPU.ActiveCfg = Release|Any CPU
		{6311BA2E-6072-4FC5-996B-72FB1EBF5C09}.Release|Any CPU.Build.0 = Release|Any CPU
		{3532C3A1-5866-4FBF-9D2B-D866447F29C2}.Debug|Any CPU.ActiveCfg = Debug|Any CPU
		{3532C3A1-5866-4FBF-9D2B-D866447F29C2}.Debug|Any CPU.Build.0 = Debug|Any CPU
		{3532C3A1-5866-4FBF-9D2B-D866447F29C2}.Release|Any CPU.ActiveCfg = Release|Any CPU
		{3532C3A1-5866-4FBF-9D2B-D866447F29C2}.Release|Any CPU.Build.0 = Release|Any CPU
	EndGlobalSection
	GlobalSection(NestedProjects) = preSolution
		{7FD8E6EE-CC71-496A-A714-A7A8AC5D5D6F} = {7773B49B-68C6-4546-9FCE-876FD38B1A13}
		{72C8377B-9362-4332-AB99-5D8F6865A473} = {7773B49B-68C6-4546-9FCE-876FD38B1A13}
		{0722C5FB-4DB4-4A56-9FBE-9C3A28EF6D5C} = {7773B49B-68C6-4546-9FCE-876FD38B1A13}
		{CED14C11-6C70-45AC-B1F0-D86C8B169DCB} = {9D200AE5-26AB-4293-9AF8-A850BA10302C}
		{6311BA2E-6072-4FC5-996B-72FB1EBF5C09} = {9D200AE5-26AB-4293-9AF8-A850BA10302C}
		{3532C3A1-5866-4FBF-9D2B-D866447F29C2} = {9D200AE5-26AB-4293-9AF8-A850BA10302C}
	EndGlobalSection
EndGlobal
